
Microsoft Visual Studio Solution File, Format Version 12.00
# Visual Studio Version 17
VisualStudioVersion = 17.5.002.0
MinimumVisualStudioVersion = 10.0.40219.1
Project("{9A19103F-16F7-4668-BE54-9A1E7A4F7556}") = "csharp", "csharp.csproj", "{D77D017D-CD2F-428B-951E-E7976C5FD0CC}"
EndProject
Global
	GlobalSection(SolutionConfigurationPlatforms) = preSolution
		Debug|Any CPU = Debug|Any CPU
		Release|Any CPU = Release|Any CPU
	EndGlobalSection
	GlobalSection(ProjectConfigurationPlatforms) = postSolution
		{D77D017D-CD2F-428B-951E-E7976C5FD0CC}.Debug|Any CPU.ActiveCfg = Debug|Any CPU
		{D77D017D-CD2F-428B-951E-E7976C5FD0CC}.Debug|Any CPU.Build.0 = Debug|Any CPU
		{D77D017D-CD2F-428B-951E-E7976C5FD0CC}.Release|Any CPU.ActiveCfg = Release|Any CPU
		{D77D017D-CD2F-428B-951E-E7976C5FD0CC}.Release|Any CPU.Build.0 = Release|Any CPU
	EndGlobalSection
	GlobalSection(SolutionProperties) = preSolution
		HideSolutionNode = FALSE
	EndGlobalSection
	GlobalSection(ExtensibilityGlobals) = postSolution
		SolutionGuid = {9E0644FA-F67C-4D43-ADDA-A7D8E4BF67C4}
	EndGlobalSection
EndGlobal
